
Microsoft Visual Studio Solution File, Format Version 12.00
# Visual Studio 14
VisualStudioVersion = 14.0.25420.1
MinimumVisualStudioVersion = 10.0.40219.1
Project("{FAE04EC0-301F-11D3-BF4B-00C04F79EFBC}") = "HCK_BL", "HCK_BL\HCK_BL.csproj", "{F0A3824D-8E84-47A3-9FA6-A7F338FE4C24}"
EndProject
Project("{FAE04EC0-301F-11D3-BF4B-00C04F79EFBC}") = "HCK_DAL", "HCK_DAL\HCK_DAL.csproj", "{75E9F895-8F9C-4F0F-8609-7156292B0116}"
EndProject
Project("{FAE04EC0-301F-11D3-BF4B-00C04F79EFBC}") = "HCK_WebApp", "HCK_WebApp\HCK_WebApp.csproj", "{B3E9B5B4-0ECB-44A7-851D-22A41FE4EA2C}"
EndProject
Project("{00D1A9C2-B5F0-4AF3-8072-F6C62B433612}") = "HCK_SQL", "HCK_SQL\HCK_SQL.sqlproj", "{38229A29-64F8-4870-9D4A-AD8644A25F8F}"
EndProject
Project("{FAE04EC0-301F-11D3-BF4B-00C04F79EFBC}") = "HCK_TOOLS", "HCK_TOOLS\HCK_TOOLS.csproj", "{7F83F0FD-3209-4514-8C17-A98146247AD1}"
EndProject
Global
	GlobalSection(SolutionConfigurationPlatforms) = preSolution
		Debug|Any CPU = Debug|Any CPU
		Release|Any CPU = Release|Any CPU
	EndGlobalSection
	GlobalSection(ProjectConfigurationPlatforms) = postSolution
		{F0A3824D-8E84-47A3-9FA6-A7F338FE4C24}.Debug|Any CPU.ActiveCfg = Debug|Any CPU
		{F0A3824D-8E84-47A3-9FA6-A7F338FE4C24}.Debug|Any CPU.Build.0 = Debug|Any CPU
		{F0A3824D-8E84-47A3-9FA6-A7F338FE4C24}.Release|Any CPU.ActiveCfg = Release|Any CPU
		{F0A3824D-8E84-47A3-9FA6-A7F338FE4C24}.Release|Any CPU.Build.0 = Release|Any CPU
		{75E9F895-8F9C-4F0F-8609-7156292B0116}.Debug|Any CPU.ActiveCfg = Debug|Any CPU
		{75E9F895-8F9C-4F0F-8609-7156292B0116}.Debug|Any CPU.Build.0 = Debug|Any CPU
		{75E9F895-8F9C-4F0F-8609-7156292B0116}.Release|Any CPU.ActiveCfg = Release|Any CPU
		{75E9F895-8F9C-4F0F-8609-7156292B0116}.Release|Any CPU.Build.0 = Release|Any CPU
		{B3E9B5B4-0ECB-44A7-851D-22A41FE4EA2C}.Debug|Any CPU.ActiveCfg = Debug|Any CPU
		{B3E9B5B4-0ECB-44A7-851D-22A41FE4EA2C}.Debug|Any CPU.Build.0 = Debug|Any CPU
		{B3E9B5B4-0ECB-44A7-851D-22A41FE4EA2C}.Release|Any CPU.ActiveCfg = Release|Any CPU
		{B3E9B5B4-0ECB-44A7-851D-22A41FE4EA2C}.Release|Any CPU.Build.0 = Release|Any CPU
		{38229A29-64F8-4870-9D4A-AD8644A25F8F}.Debug|Any CPU.ActiveCfg = Debug|Any CPU
		{38229A29-64F8-4870-9D4A-AD8644A25F8F}.Debug|Any CPU.Build.0 = Debug|Any CPU
		{38229A29-64F8-4870-9D4A-AD8644A25F8F}.Debug|Any CPU.Deploy.0 = Debug|Any CPU
		{38229A29-64F8-4870-9D4A-AD8644A25F8F}.Release|Any CPU.ActiveCfg = Release|Any CPU
		{38229A29-64F8-4870-9D4A-AD8644A25F8F}.Release|Any CPU.Build.0 = Release|Any CPU
		{38229A29-64F8-4870-9D4A-AD8644A25F8F}.Release|Any CPU.Deploy.0 = Release|Any CPU
		{7F83F0FD-3209-4514-8C17-A98146247AD1}.Debug|Any CPU.ActiveCfg = Debug|Any CPU
		{7F83F0FD-3209-4514-8C17-A98146247AD1}.Debug|Any CPU.Build.0 = Debug|Any CPU
		{7F83F0FD-3209-4514-8C17-A98146247AD1}.Release|Any CPU.ActiveCfg = Release|Any CPU
		{7F83F0FD-3209-4514-8C17-A98146247AD1}.Release|Any CPU.Build.0 = Release|Any CPU
	EndGlobalSection
	GlobalSection(SolutionProperties) = preSolution
		HideSolutionNode = FALSE
	EndGlobalSection
EndGlobal
